// !$*UTF8*$!
{
	archiveVersion = 1;
	classes = {
	};
	objectVersion = 50;
	objects = {

/* Begin PBXBuildFile section */
		45E7BECC2229F3210049347F /* AppDelegate.swift in Sources */ = {isa = PBXBuildFile; fileRef = 45E7BECB2229F3210049347F /* AppDelegate.swift */; };
		45E7BECE2229F3210049347F /* ViewController.swift in Sources */ = {isa = PBXBuildFile; fileRef = 45E7BECD2229F3210049347F /* ViewController.swift */; };
		45E7BED12229F3210049347F /* Main.storyboard in Resources */ = {isa = PBXBuildFile; fileRef = 45E7BECF2229F3210049347F /* Main.storyboard */; };
		45E7BED32229F3230049347F /* Assets.xcassets in Resources */ = {isa = PBXBuildFile; fileRef = 45E7BED22229F3230049347F /* Assets.xcassets */; };
		45E7BED62229F3230049347F /* LaunchScreen.storyboard in Resources */ = {isa = PBXBuildFile; fileRef = 45E7BED42229F3230049347F /* LaunchScreen.storyboard */; };
		45E7BEDE2229F3D90049347F /* PhenixSdk.framework in Frameworks */ = {isa = PBXBuildFile; fileRef = 45E7BEDD2229F3D90049347F /* PhenixSdk.framework */; };
		45E7BEDF2229F3D90049347F /* PhenixSdk.framework in Embed Frameworks */ = {isa = PBXBuildFile; fileRef = 45E7BEDD2229F3D90049347F /* PhenixSdk.framework */; settings = {ATTRIBUTES = (CodeSignOnCopy, RemoveHeadersOnCopy, ); }; };
		45E7BEE7222A0A4F0049347F /* Localizable.strings in Resources */ = {isa = PBXBuildFile; fileRef = 45E7BEE6222A0A4F0049347F /* Localizable.strings */; };
		7A845D91224E47FD00AF2D40 /* PhenixPublishComponent.swift in Sources */ = {isa = PBXBuildFile; fileRef = 7A845D8E224E47FD00AF2D40 /* PhenixPublishComponent.swift */; };
		7A845D97224E4EB300AF2D40 /* CameraConfiguration.swift in Sources */ = {isa = PBXBuildFile; fileRef = 7A845D95224E4EB300AF2D40 /* CameraConfiguration.swift */; };
		7A845D99224E50D800AF2D40 /* PublishCapability.swift in Sources */ = {isa = PBXBuildFile; fileRef = 7A845D98224E50D800AF2D40 /* PublishCapability.swift */; };
/* End PBXBuildFile section */

/* Begin PBXCopyFilesBuildPhase section */
		45E7BEE02229F3D90049347F /* Embed Frameworks */ = {
			isa = PBXCopyFilesBuildPhase;
			buildActionMask = 2147483647;
			dstPath = "";
			dstSubfolderSpec = 10;
			files = (
				45E7BEDF2229F3D90049347F /* PhenixSdk.framework in Embed Frameworks */,
			);
			name = "Embed Frameworks";
			runOnlyForDeploymentPostprocessing = 0;
		};
/* End PBXCopyFilesBuildPhase section */

/* Begin PBXFileReference section */
		45E7BEC82229F3210049347F /* ChannelPublisher.app */ = {isa = PBXFileReference; explicitFileType = wrapper.application; includeInIndex = 0; path = ChannelPublisher.app; sourceTree = BUILT_PRODUCTS_DIR; };
		45E7BECB2229F3210049347F /* AppDelegate.swift */ = {isa = PBXFileReference; lastKnownFileType = sourcecode.swift; path = AppDelegate.swift; sourceTree = "<group>"; };
		45E7BECD2229F3210049347F /* ViewController.swift */ = {isa = PBXFileReference; lastKnownFileType = sourcecode.swift; path = ViewController.swift; sourceTree = "<group>"; };
		45E7BED02229F3210049347F /* Base */ = {isa = PBXFileReference; lastKnownFileType = file.storyboard; name = Base; path = Base.lproj/Main.storyboard; sourceTree = "<group>"; };
		45E7BED22229F3230049347F /* Assets.xcassets */ = {isa = PBXFileReference; lastKnownFileType = folder.assetcatalog; path = Assets.xcassets; sourceTree = "<group>"; };
		45E7BED52229F3230049347F /* Base */ = {isa = PBXFileReference; lastKnownFileType = file.storyboard; name = Base; path = Base.lproj/LaunchScreen.storyboard; sourceTree = "<group>"; };
		45E7BED72229F3230049347F /* Info.plist */ = {isa = PBXFileReference; lastKnownFileType = text.plist.xml; path = Info.plist; sourceTree = "<group>"; };
		45E7BEDD2229F3D90049347F /* PhenixSdk.framework */ = {isa = PBXFileReference; lastKnownFileType = wrapper.framework; name = PhenixSdk.framework; path = ../iOSSDK/lib/Universal/PhenixSdk.framework; sourceTree = "<group>"; };
		45E7BEE6222A0A4F0049347F /* Localizable.strings */ = {isa = PBXFileReference; fileEncoding = 4; lastKnownFileType = text.plist.strings; path = Localizable.strings; sourceTree = "<group>"; };
		7A845D8E224E47FD00AF2D40 /* PhenixPublishComponent.swift */ = {isa = PBXFileReference; fileEncoding = 4; lastKnownFileType = sourcecode.swift; path = PhenixPublishComponent.swift; sourceTree = "<group>"; };
		7A845D95224E4EB300AF2D40 /* CameraConfiguration.swift */ = {isa = PBXFileReference; lastKnownFileType = sourcecode.swift; path = CameraConfiguration.swift; sourceTree = "<group>"; };
		7A845D98224E50D800AF2D40 /* PublishCapability.swift */ = {isa = PBXFileReference; lastKnownFileType = sourcecode.swift; path = PublishCapability.swift; sourceTree = "<group>"; };
/* End PBXFileReference section */

/* Begin PBXFrameworksBuildPhase section */
		45E7BEC52229F3210049347F /* Frameworks */ = {
			isa = PBXFrameworksBuildPhase;
			buildActionMask = 2147483647;
			files = (
				45E7BEDE2229F3D90049347F /* PhenixSdk.framework in Frameworks */,
			);
			runOnlyForDeploymentPostprocessing = 0;
		};
/* End PBXFrameworksBuildPhase section */

/* Begin PBXGroup section */
		45E7BEBF2229F3210049347F = {
			isa = PBXGroup;
			children = (
				45E7BEDD2229F3D90049347F /* PhenixSdk.framework */,
				45E7BECA2229F3210049347F /* ChannelPublisher */,
				45E7BEC92229F3210049347F /* Products */,
			);
			sourceTree = "<group>";
		};
		45E7BEC92229F3210049347F /* Products */ = {
			isa = PBXGroup;
			children = (
				45E7BEC82229F3210049347F /* ChannelPublisher.app */,
			);
			name = Products;
			sourceTree = "<group>";
		};
		45E7BECA2229F3210049347F /* ChannelPublisher */ = {
			isa = PBXGroup;
			children = (
				45E7BEE12229F9FD0049347F /* Publisher */,
				45E7BECB2229F3210049347F /* AppDelegate.swift */,
				45E7BECD2229F3210049347F /* ViewController.swift */,
				45E7BECF2229F3210049347F /* Main.storyboard */,
				45E7BED22229F3230049347F /* Assets.xcassets */,
				45E7BED42229F3230049347F /* LaunchScreen.storyboard */,
				45E7BED72229F3230049347F /* Info.plist */,
				45E7BEE6222A0A4F0049347F /* Localizable.strings */,
			);
			path = ChannelPublisher;
			sourceTree = "<group>";
		};
		45E7BEE12229F9FD0049347F /* Publisher */ = {
			isa = PBXGroup;
			children = (
				7A845D8E224E47FD00AF2D40 /* PhenixPublishComponent.swift */,
				7A845D95224E4EB300AF2D40 /* CameraConfiguration.swift */,
				7A845D98224E50D800AF2D40 /* PublishCapability.swift */,
			);
			path = Publisher;
			sourceTree = "<group>";
		};
/* End PBXGroup section */

/* Begin PBXNativeTarget section */
		45E7BEC72229F3210049347F /* ChannelPublisher */ = {
			isa = PBXNativeTarget;
			buildConfigurationList = 45E7BEDA2229F3230049347F /* Build configuration list for PBXNativeTarget "ChannelPublisher" */;
			buildPhases = (
				45E7BEC42229F3210049347F /* Sources */,
				45E7BEC52229F3210049347F /* Frameworks */,
				45E7BEC62229F3210049347F /* Resources */,
				45E7BEE02229F3D90049347F /* Embed Frameworks */,
			);
			buildRules = (
			);
			dependencies = (
			);
			name = ChannelPublisher;
			productName = ChannelViewer;
			productReference = 45E7BEC82229F3210049347F /* ChannelPublisher.app */;
			productType = "com.apple.product-type.application";
		};
/* End PBXNativeTarget section */

/* Begin PBXProject section */
		45E7BEC02229F3210049347F /* Project object */ = {
			isa = PBXProject;
			attributes = {
				LastSwiftUpdateCheck = 1010;
				LastUpgradeCheck = 1010;
				ORGANIZATIONNAME = "Phenix Real Time Solutions, Inc.";
				TargetAttributes = {
					45E7BEC72229F3210049347F = {
						CreatedOnToolsVersion = 10.1;
					};
				};
			};
			buildConfigurationList = 45E7BEC32229F3210049347F /* Build configuration list for PBXProject "ChannelPublisher" */;
			compatibilityVersion = "Xcode 9.3";
			developmentRegion = en;
			hasScannedForEncodings = 0;
			knownRegions = (
				en,
				Base,
			);
			mainGroup = 45E7BEBF2229F3210049347F;
			productRefGroup = 45E7BEC92229F3210049347F /* Products */;
			projectDirPath = "";
			projectRoot = "";
			targets = (
				45E7BEC72229F3210049347F /* ChannelPublisher */,
			);
		};
/* End PBXProject section */

/* Begin PBXResourcesBuildPhase section */
		45E7BEC62229F3210049347F /* Resources */ = {
			isa = PBXResourcesBuildPhase;
			buildActionMask = 2147483647;
			files = (
				45E7BED62229F3230049347F /* LaunchScreen.storyboard in Resources */,
				45E7BEE7222A0A4F0049347F /* Localizable.strings in Resources */,
				45E7BED32229F3230049347F /* Assets.xcassets in Resources */,
				45E7BED12229F3210049347F /* Main.storyboard in Resources */,
			);
			runOnlyForDeploymentPostprocessing = 0;
		};
/* End PBXResourcesBuildPhase section */

/* Begin PBXSourcesBuildPhase section */
		45E7BEC42229F3210049347F /* Sources */ = {
			isa = PBXSourcesBuildPhase;
			buildActionMask = 2147483647;
			files = (
				7A845D99224E50D800AF2D40 /* PublishCapability.swift in Sources */,
				7A845D91224E47FD00AF2D40 /* PhenixPublishComponent.swift in Sources */,
				45E7BECE2229F3210049347F /* ViewController.swift in Sources */,
				45E7BECC2229F3210049347F /* AppDelegate.swift in Sources */,
				7A845D97224E4EB300AF2D40 /* CameraConfiguration.swift in Sources */,
			);
			runOnlyForDeploymentPostprocessing = 0;
		};
/* End PBXSourcesBuildPhase section */

/* Begin PBXVariantGroup section */
		45E7BECF2229F3210049347F /* Main.storyboard */ = {
			isa = PBXVariantGroup;
			children = (
				45E7BED02229F3210049347F /* Base */,
			);
			name = Main.storyboard;
			sourceTree = "<group>";
		};
		45E7BED42229F3230049347F /* LaunchScreen.storyboard */ = {
			isa = PBXVariantGroup;
			children = (
				45E7BED52229F3230049347F /* Base */,
			);
			name = LaunchScreen.storyboard;
			sourceTree = "<group>";
		};
/* End PBXVariantGroup section */

/* Begin XCBuildConfiguration section */
		45E7BED82229F3230049347F /* Debug */ = {
			isa = XCBuildConfiguration;
			buildSettings = {
				ALWAYS_SEARCH_USER_PATHS = NO;
				CLANG_ANALYZER_NONNULL = YES;
				CLANG_ANALYZER_NUMBER_OBJECT_CONVERSION = YES_AGGRESSIVE;
				CLANG_CXX_LANGUAGE_STANDARD = "gnu++14";
				CLANG_CXX_LIBRARY = "libc++";
				CLANG_ENABLE_MODULES = YES;
				CLANG_ENABLE_OBJC_ARC = YES;
				CLANG_ENABLE_OBJC_WEAK = YES;
				CLANG_WARN_BLOCK_CAPTURE_AUTORELEASING = YES;
				CLANG_WARN_BOOL_CONVERSION = YES;
				CLANG_WARN_COMMA = YES;
				CLANG_WARN_CONSTANT_CONVERSION = YES;
				CLANG_WARN_DEPRECATED_OBJC_IMPLEMENTATIONS = YES;
				CLANG_WARN_DIRECT_OBJC_ISA_USAGE = YES_ERROR;
				CLANG_WARN_DOCUMENTATION_COMMENTS = YES;
				CLANG_WARN_EMPTY_BODY = YES;
				CLANG_WARN_ENUM_CONVERSION = YES;
				CLANG_WARN_INFINITE_RECURSION = YES;
				CLANG_WARN_INT_CONVERSION = YES;
				CLANG_WARN_NON_LITERAL_NULL_CONVERSION = YES;
				CLANG_WARN_OBJC_IMPLICIT_RETAIN_SELF = YES;
				CLANG_WARN_OBJC_LITERAL_CONVERSION = YES;
				CLANG_WARN_OBJC_ROOT_CLASS = YES_ERROR;
				CLANG_WARN_RANGE_LOOP_ANALYSIS = YES;
				CLANG_WARN_STRICT_PROTOTYPES = YES;
				CLANG_WARN_SUSPICIOUS_MOVE = YES;
				CLANG_WARN_UNGUARDED_AVAILABILITY = YES_AGGRESSIVE;
				CLANG_WARN_UNREACHABLE_CODE = YES;
				CLANG_WARN__DUPLICATE_METHOD_MATCH = YES;
				CODE_SIGN_IDENTITY = "iPhone Developer";
				COPY_PHASE_STRIP = NO;
				DEBUG_INFORMATION_FORMAT = dwarf;
				ENABLE_STRICT_OBJC_MSGSEND = YES;
				ENABLE_TESTABILITY = YES;
				GCC_C_LANGUAGE_STANDARD = gnu11;
				GCC_DYNAMIC_NO_PIC = NO;
				GCC_NO_COMMON_BLOCKS = YES;
				GCC_OPTIMIZATION_LEVEL = 0;
				GCC_PREPROCESSOR_DEFINITIONS = (
					"DEBUG=1",
					"$(inherited)",
				);
				GCC_WARN_64_TO_32_BIT_CONVERSION = YES;
				GCC_WARN_ABOUT_RETURN_TYPE = YES_ERROR;
				GCC_WARN_UNDECLARED_SELECTOR = YES;
				GCC_WARN_UNINITIALIZED_AUTOS = YES_AGGRESSIVE;
				GCC_WARN_UNUSED_FUNCTION = YES;
				GCC_WARN_UNUSED_VARIABLE = YES;
				IPHONEOS_DEPLOYMENT_TARGET = 12.1;
				MTL_ENABLE_DEBUG_INFO = INCLUDE_SOURCE;
				MTL_FAST_MATH = YES;
				ONLY_ACTIVE_ARCH = YES;
				SDKROOT = iphoneos;
				SWIFT_ACTIVE_COMPILATION_CONDITIONS = DEBUG;
				SWIFT_OPTIMIZATION_LEVEL = "-Onone";
			};
			name = Debug;
		};
		45E7BED92229F3230049347F /* Release */ = {
			isa = XCBuildConfiguration;
			buildSettings = {
				ALWAYS_SEARCH_USER_PATHS = NO;
				CLANG_ANALYZER_NONNULL = YES;
				CLANG_ANALYZER_NUMBER_OBJECT_CONVERSION = YES_AGGRESSIVE;
				CLANG_CXX_LANGUAGE_STANDARD = "gnu++14";
				CLANG_CXX_LIBRARY = "libc++";
				CLANG_ENABLE_MODULES = YES;
				CLANG_ENABLE_OBJC_ARC = YES;
				CLANG_ENABLE_OBJC_WEAK = YES;
				CLANG_WARN_BLOCK_CAPTURE_AUTORELEASING = YES;
				CLANG_WARN_BOOL_CONVERSION = YES;
				CLANG_WARN_COMMA = YES;
				CLANG_WARN_CONSTANT_CONVERSION = YES;
				CLANG_WARN_DEPRECATED_OBJC_IMPLEMENTATIONS = YES;
				CLANG_WARN_DIRECT_OBJC_ISA_USAGE = YES_ERROR;
				CLANG_WARN_DOCUMENTATION_COMMENTS = YES;
				CLANG_WARN_EMPTY_BODY = YES;
				CLANG_WARN_ENUM_CONVERSION = YES;
				CLANG_WARN_INFINITE_RECURSION = YES;
				CLANG_WARN_INT_CONVERSION = YES;
				CLANG_WARN_NON_LITERAL_NULL_CONVERSION = YES;
				CLANG_WARN_OBJC_IMPLICIT_RETAIN_SELF = YES;
				CLANG_WARN_OBJC_LITERAL_CONVERSION = YES;
				CLANG_WARN_OBJC_ROOT_CLASS = YES_ERROR;
				CLANG_WARN_RANGE_LOOP_ANALYSIS = YES;
				CLANG_WARN_STRICT_PROTOTYPES = YES;
				CLANG_WARN_SUSPICIOUS_MOVE = YES;
				CLANG_WARN_UNGUARDED_AVAILABILITY = YES_AGGRESSIVE;
				CLANG_WARN_UNREACHABLE_CODE = YES;
				CLANG_WARN__DUPLICATE_METHOD_MATCH = YES;
				CODE_SIGN_IDENTITY = "iPhone Developer";
				COPY_PHASE_STRIP = NO;
				DEBUG_INFORMATION_FORMAT = "dwarf-with-dsym";
				ENABLE_NS_ASSERTIONS = NO;
				ENABLE_STRICT_OBJC_MSGSEND = YES;
				GCC_C_LANGUAGE_STANDARD = gnu11;
				GCC_NO_COMMON_BLOCKS = YES;
				GCC_WARN_64_TO_32_BIT_CONVERSION = YES;
				GCC_WARN_ABOUT_RETURN_TYPE = YES_ERROR;
				GCC_WARN_UNDECLARED_SELECTOR = YES;
				GCC_WARN_UNINITIALIZED_AUTOS = YES_AGGRESSIVE;
				GCC_WARN_UNUSED_FUNCTION = YES;
				GCC_WARN_UNUSED_VARIABLE = YES;
				IPHONEOS_DEPLOYMENT_TARGET = 12.1;
				MTL_ENABLE_DEBUG_INFO = NO;
				MTL_FAST_MATH = YES;
				SDKROOT = iphoneos;
				SWIFT_COMPILATION_MODE = wholemodule;
				SWIFT_OPTIMIZATION_LEVEL = "-O";
				VALIDATE_PRODUCT = YES;
			};
			name = Release;
		};
		45E7BEDB2229F3230049347F /* Debug */ = {
			isa = XCBuildConfiguration;
			buildSettings = {
				ASSETCATALOG_COMPILER_APPICON_NAME = AppIcon;
				CODE_SIGN_IDENTITY = "iPhone Developer";
				CODE_SIGN_STYLE = Manual;
				DEVELOPMENT_TEAM = "";
				ENABLE_BITCODE = NO;
				FRAMEWORK_SEARCH_PATHS = ../iOSSDK/lib/Universal;
				INFOPLIST_FILE = "$(SRCROOT)/ChannelPublisher/Info.plist";
				LD_RUNPATH_SEARCH_PATHS = (
					"$(inherited)",
					"@executable_path/Frameworks",
				);
				PRODUCT_BUNDLE_IDENTIFIER = com.phenixrts.examples.channelpublisher;
				PRODUCT_NAME = "$(TARGET_NAME)";
				PROVISIONING_PROFILE_SPECIFIER = "";
				SWIFT_VERSION = 4.2;
				TARGETED_DEVICE_FAMILY = "1,2";
			};
			name = Debug;
		};
		45E7BEDC2229F3230049347F /* Release */ = {
			isa = XCBuildConfiguration;
			buildSettings = {
				ASSETCATALOG_COMPILER_APPICON_NAME = AppIcon;
				CODE_SIGN_IDENTITY = "iPhone Developer";
				CODE_SIGN_STYLE = Manual;
				DEVELOPMENT_TEAM = "";
				ENABLE_BITCODE = NO;
				FRAMEWORK_SEARCH_PATHS = ../iOSSDK/lib/Universal;
				INFOPLIST_FILE = "$(SRCROOT)/ChannelPublisher/Info.plist";
				LD_RUNPATH_SEARCH_PATHS = (
					"$(inherited)",
					"@executable_path/Frameworks",
				);
				PRODUCT_BUNDLE_IDENTIFIER = com.phenixrts.examples.channelpublisher;
				PRODUCT_NAME = "$(TARGET_NAME)";
				PROVISIONING_PROFILE_SPECIFIER = "";
				SWIFT_VERSION = 4.2;
				TARGETED_DEVICE_FAMILY = "1,2";
			};
			name = Release;
		};
/* End XCBuildConfiguration section */

/* Begin XCConfigurationList section */
		45E7BEC32229F3210049347F /* Build configuration list for PBXProject "ChannelPublisher" */ = {
			isa = XCConfigurationList;
			buildConfigurations = (
				45E7BED82229F3230049347F /* Debug */,
				45E7BED92229F3230049347F /* Release */,
			);
			defaultConfigurationIsVisible = 0;
			defaultConfigurationName = Release;
		};
		45E7BEDA2229F3230049347F /* Build configuration list for PBXNativeTarget "ChannelPublisher" */ = {
			isa = XCConfigurationList;
			buildConfigurations = (
				45E7BEDB2229F3230049347F /* Debug */,
				45E7BEDC2229F3230049347F /* Release */,
			);
			defaultConfigurationIsVisible = 0;
			defaultConfigurationName = Release;
		};
/* End XCConfigurationList section */
	};
	rootObject = 45E7BEC02229F3210049347F /* Project object */;
}
